{
  "requires": true,
  "lockfileVersion": 1,
  "dependencies": {
    "reactjs-localstorage": {
      "version": "1.0.1",
      "resolved": "https://registry.npmjs.org/reactjs-localstorage/-/reactjs-localstorage-1.0.1.tgz",
      "integrity": "sha512-eNSwfiVyVDhfjw9h83PBvgqQcFxmyK6KGPrPlutuaaTlALRZVQLZ0MAN72iU9UT+bKtscwtdogHQ2ikZ7rjT+w=="
    }
  }
}
